// !$*UTF8*$!
{
	archiveVersion = 1;
	classes = {
	};
	objectVersion = 56;
	objects = {

/* Begin PBXBuildFile section */
		7E61FD522AE1A3CF0042FC5A /* AppDelegate.swift in Sources */ = {isa = PBXBuildFile; fileRef = 7E61FD512AE1A3CF0042FC5A /* AppDelegate.swift */; };
		7E61FD542AE1A3CF0042FC5A /* SceneDelegate.swift in Sources */ = {isa = PBXBuildFile; fileRef = 7E61FD532AE1A3CF0042FC5A /* SceneDelegate.swift */; };
		7E61FD562AE1A3CF0042FC5A /* ViewController.swift in Sources */ = {isa = PBXBuildFile; fileRef = 7E61FD552AE1A3CF0042FC5A /* ViewController.swift */; };
		7E61FD592AE1A3CF0042FC5A /* Main.storyboard in Resources */ = {isa = PBXBuildFile; fileRef = 7E61FD572AE1A3CF0042FC5A /* Main.storyboard */; };
		7E61FD5B2AE1A3D10042FC5A /* Assets.xcassets in Resources */ = {isa = PBXBuildFile; fileRef = 7E61FD5A2AE1A3D10042FC5A /* Assets.xcassets */; };
		7E61FD5E2AE1A3D10042FC5A /* LaunchScreen.storyboard in Resources */ = {isa = PBXBuildFile; fileRef = 7E61FD5C2AE1A3D10042FC5A /* LaunchScreen.storyboard */; };
		7E61FD692AE1A3D10042FC5A /* CalculatorTests.swift in Sources */ = {isa = PBXBuildFile; fileRef = 7E61FD682AE1A3D10042FC5A /* CalculatorTests.swift */; };
		7E61FD732AE1A3D20042FC5A /* CalculatorUITests.swift in Sources */ = {isa = PBXBuildFile; fileRef = 7E61FD722AE1A3D20042FC5A /* CalculatorUITests.swift */; };
		7E61FD752AE1A3D20042FC5A /* CalculatorUITestsLaunchTests.swift in Sources */ = {isa = PBXBuildFile; fileRef = 7E61FD742AE1A3D20042FC5A /* CalculatorUITestsLaunchTests.swift */; };
/* End PBXBuildFile section */

/* Begin PBXContainerItemProxy section */
		7E61FD652AE1A3D10042FC5A /* PBXContainerItemProxy */ = {
			isa = PBXContainerItemProxy;
			containerPortal = 7E61FD462AE1A3CF0042FC5A /* Project object */;
			proxyType = 1;
			remoteGlobalIDString = 7E61FD4D2AE1A3CF0042FC5A;
			remoteInfo = Calculator;
		};
		7E61FD6F2AE1A3D20042FC5A /* PBXContainerItemProxy */ = {
			isa = PBXContainerItemProxy;
			containerPortal = 7E61FD462AE1A3CF0042FC5A /* Project object */;
			proxyType = 1;
			remoteGlobalIDString = 7E61FD4D2AE1A3CF0042FC5A;
			remoteInfo = Calculator;
		};
/* End PBXContainerItemProxy section */

/* Begin PBXFileReference section */
		7E61FD4E2AE1A3CF0042FC5A /* Calculator.app */ = {isa = PBXFileReference; explicitFileType = wrapper.application; includeInIndex = 0; path = Calculator.app; sourceTree = BUILT_PRODUCTS_DIR; };
		7E61FD512AE1A3CF0042FC5A /* AppDelegate.swift */ = {isa = PBXFileReference; lastKnownFileType = sourcecode.swift; path = AppDelegate.swift; sourceTree = "<group>"; };
		7E61FD532AE1A3CF0042FC5A /* SceneDelegate.swift */ = {isa = PBXFileReference; lastKnownFileType = sourcecode.swift; path = SceneDelegate.swift; sourceTree = "<group>"; };
		7E61FD552AE1A3CF0042FC5A /* ViewController.swift */ = {isa = PBXFileReference; lastKnownFileType = sourcecode.swift; path = ViewController.swift; sourceTree = "<group>"; };
		7E61FD582AE1A3CF0042FC5A /* Base */ = {isa = PBXFileReference; lastKnownFileType = file.storyboard; name = Base; path = Base.lproj/Main.storyboard; sourceTree = "<group>"; };
		7E61FD5A2AE1A3D10042FC5A /* Assets.xcassets */ = {isa = PBXFileReference; lastKnownFileType = folder.assetcatalog; path = Assets.xcassets; sourceTree = "<group>"; };
		7E61FD5D2AE1A3D10042FC5A /* Base */ = {isa = PBXFileReference; lastKnownFileType = file.storyboard; name = Base; path = Base.lproj/LaunchScreen.storyboard; sourceTree = "<group>"; };
		7E61FD5F2AE1A3D10042FC5A /* Info.plist */ = {isa = PBXFileReference; lastKnownFileType = text.plist.xml; path = Info.plist; sourceTree = "<group>"; };
		7E61FD642AE1A3D10042FC5A /* CalculatorTests.xctest */ = {isa = PBXFileReference; explicitFileType = wrapper.cfbundle; includeInIndex = 0; path = CalculatorTests.xctest; sourceTree = BUILT_PRODUCTS_DIR; };
		7E61FD682AE1A3D10042FC5A /* CalculatorTests.swift */ = {isa = PBXFileReference; lastKnownFileType = sourcecode.swift; path = CalculatorTests.swift; sourceTree = "<group>"; };
		7E61FD6E2AE1A3D10042FC5A /* CalculatorUITests.xctest */ = {isa = PBXFileReference; explicitFileType = wrapper.cfbundle; includeInIndex = 0; path = CalculatorUITests.xctest; sourceTree = BUILT_PRODUCTS_DIR; };
		7E61FD722AE1A3D20042FC5A /* CalculatorUITests.swift */ = {isa = PBXFileReference; lastKnownFileType = sourcecode.swift; path = CalculatorUITests.swift; sourceTree = "<group>"; };
		7E61FD742AE1A3D20042FC5A /* CalculatorUITestsLaunchTests.swift */ = {isa = PBXFileReference; lastKnownFileType = sourcecode.swift; path = CalculatorUITestsLaunchTests.swift; sourceTree = "<group>"; };
/* End PBXFileReference section */

/* Begin PBXFrameworksBuildPhase section */
		7E61FD4B2AE1A3CF0042FC5A /* Frameworks */ = {
			isa = PBXFrameworksBuildPhase;
			buildActionMask = 2147483647;
			files = (
			);
			runOnlyForDeploymentPostprocessing = 0;
		};
		7E61FD612AE1A3D10042FC5A /* Frameworks */ = {
			isa = PBXFrameworksBuildPhase;
			buildActionMask = 2147483647;
			files = (
			);
			runOnlyForDeploymentPostprocessing = 0;
		};
		7E61FD6B2AE1A3D10042FC5A /* Frameworks */ = {
			isa = PBXFrameworksBuildPhase;
			buildActionMask = 2147483647;
			files = (
			);
			runOnlyForDeploymentPostprocessing = 0;
		};
/* End PBXFrameworksBuildPhase section */

/* Begin PBXGroup section */
		7E61FD452AE1A3CF0042FC5A = {
			isa = PBXGroup;
			children = (
				7E61FD502AE1A3CF0042FC5A /* Calculator */,
				7E61FD672AE1A3D10042FC5A /* CalculatorTests */,
				7E61FD712AE1A3D20042FC5A /* CalculatorUITests */,
				7E61FD4F2AE1A3CF0042FC5A /* Products */,
			);
			sourceTree = "<group>";
		};
		7E61FD4F2AE1A3CF0042FC5A /* Products */ = {
			isa = PBXGroup;
			children = (
				7E61FD4E2AE1A3CF0042FC5A /* Calculator.app */,
				7E61FD642AE1A3D10042FC5A /* CalculatorTests.xctest */,
				7E61FD6E2AE1A3D10042FC5A /* CalculatorUITests.xctest */,
			);
			name = Products;
			sourceTree = "<group>";
		};
		7E61FD502AE1A3CF0042FC5A /* Calculator */ = {
			isa = PBXGroup;
			children = (
				7E61FD512AE1A3CF0042FC5A /* AppDelegate.swift */,
				7E61FD532AE1A3CF0042FC5A /* SceneDelegate.swift */,
				7E61FD552AE1A3CF0042FC5A /* ViewController.swift */,
				7E61FD572AE1A3CF0042FC5A /* Main.storyboard */,
				7E61FD5A2AE1A3D10042FC5A /* Assets.xcassets */,
				7E61FD5C2AE1A3D10042FC5A /* LaunchScreen.storyboard */,
				7E61FD5F2AE1A3D10042FC5A /* Info.plist */,
			);
			path = Calculator;
			sourceTree = "<group>";
		};
		7E61FD672AE1A3D10042FC5A /* CalculatorTests */ = {
			isa = PBXGroup;
			children = (
				7E61FD682AE1A3D10042FC5A /* CalculatorTests.swift */,
			);
			path = CalculatorTests;
			sourceTree = "<group>";
		};
		7E61FD712AE1A3D20042FC5A /* CalculatorUITests */ = {
			isa = PBXGroup;
			children = (
				7E61FD722AE1A3D20042FC5A /* CalculatorUITests.swift */,
				7E61FD742AE1A3D20042FC5A /* CalculatorUITestsLaunchTests.swift */,
			);
			path = CalculatorUITests;
			sourceTree = "<group>";
		};
/* End PBXGroup section */

/* Begin PBXNativeTarget section */
		7E61FD4D2AE1A3CF0042FC5A /* Calculator */ = {
			isa = PBXNativeTarget;
			buildConfigurationList = 7E61FD782AE1A3D20042FC5A /* Build configuration list for PBXNativeTarget "Calculator" */;
			buildPhases = (
				7E61FD4A2AE1A3CF0042FC5A /* Sources */,
				7E61FD4B2AE1A3CF0042FC5A /* Frameworks */,
				7E61FD4C2AE1A3CF0042FC5A /* Resources */,
			);
			buildRules = (
			);
			dependencies = (
			);
			name = Calculator;
			productName = Calculator;
			productReference = 7E61FD4E2AE1A3CF0042FC5A /* Calculator.app */;
			productType = "com.apple.product-type.application";
		};
		7E61FD632AE1A3D10042FC5A /* CalculatorTests */ = {
			isa = PBXNativeTarget;
			buildConfigurationList = 7E61FD7B2AE1A3D20042FC5A /* Build configuration list for PBXNativeTarget "CalculatorTests" */;
			buildPhases = (
				7E61FD602AE1A3D10042FC5A /* Sources */,
				7E61FD612AE1A3D10042FC5A /* Frameworks */,
				7E61FD622AE1A3D10042FC5A /* Resources */,
			);
			buildRules = (
			);
			dependencies = (
				7E61FD662AE1A3D10042FC5A /* PBXTargetDependency */,
			);
			name = CalculatorTests;
			productName = CalculatorTests;
			productReference = 7E61FD642AE1A3D10042FC5A /* CalculatorTests.xctest */;
			productType = "com.apple.product-type.bundle.unit-test";
		};
		7E61FD6D2AE1A3D10042FC5A /* CalculatorUITests */ = {
			isa = PBXNativeTarget;
			buildConfigurationList = 7E61FD7E2AE1A3D20042FC5A /* Build configuration list for PBXNativeTarget "CalculatorUITests" */;
			buildPhases = (
				7E61FD6A2AE1A3D10042FC5A /* Sources */,
				7E61FD6B2AE1A3D10042FC5A /* Frameworks */,
				7E61FD6C2AE1A3D10042FC5A /* Resources */,
			);
			buildRules = (
			);
			dependencies = (
				7E61FD702AE1A3D20042FC5A /* PBXTargetDependency */,
			);
			name = CalculatorUITests;
			productName = CalculatorUITests;
			productReference = 7E61FD6E2AE1A3D10042FC5A /* CalculatorUITests.xctest */;
			productType = "com.apple.product-type.bundle.ui-testing";
		};
/* End PBXNativeTarget section */

/* Begin PBXProject section */
		7E61FD462AE1A3CF0042FC5A /* Project object */ = {
			isa = PBXProject;
			attributes = {
				BuildIndependentTargetsInParallel = 1;
				LastSwiftUpdateCheck = 1420;
				LastUpgradeCheck = 1420;
				TargetAttributes = {
					7E61FD4D2AE1A3CF0042FC5A = {
						CreatedOnToolsVersion = 14.2;
					};
					7E61FD632AE1A3D10042FC5A = {
						CreatedOnToolsVersion = 14.2;
						TestTargetID = 7E61FD4D2AE1A3CF0042FC5A;
					};
					7E61FD6D2AE1A3D10042FC5A = {
						CreatedOnToolsVersion = 14.2;
						TestTargetID = 7E61FD4D2AE1A3CF0042FC5A;
					};
				};
			};
			buildConfigurationList = 7E61FD492AE1A3CF0042FC5A /* Build configuration list for PBXProject "Calculator" */;
			compatibilityVersion = "Xcode 14.0";
			developmentRegion = en;
			hasScannedForEncodings = 0;
			knownRegions = (
				en,
				Base,
			);
			mainGroup = 7E61FD452AE1A3CF0042FC5A;
			productRefGroup = 7E61FD4F2AE1A3CF0042FC5A /* Products */;
			projectDirPath = "";
			projectRoot = "";
			targets = (
				7E61FD4D2AE1A3CF0042FC5A /* Calculator */,
				7E61FD632AE1A3D10042FC5A /* CalculatorTests */,
				7E61FD6D2AE1A3D10042FC5A /* CalculatorUITests */,
			);
		};
/* End PBXProject section */

/* Begin PBXResourcesBuildPhase section */
		7E61FD4C2AE1A3CF0042FC5A /* Resources */ = {
			isa = PBXResourcesBuildPhase;
			buildActionMask = 2147483647;
			files = (
				7E61FD5E2AE1A3D10042FC5A /* LaunchScreen.storyboard in Resources */,
				7E61FD5B2AE1A3D10042FC5A /* Assets.xcassets in Resources */,
				7E61FD592AE1A3CF0042FC5A /* Main.storyboard in Resources */,
			);
			runOnlyForDeploymentPostprocessing = 0;
		};
		7E61FD622AE1A3D10042FC5A /* Resources */ = {
			isa = PBXResourcesBuildPhase;
			buildActionMask = 2147483647;
			files = (
			);
			runOnlyForDeploymentPostprocessing = 0;
		};
		7E61FD6C2AE1A3D10042FC5A /* Resources */ = {
			isa = PBXResourcesBuildPhase;
			buildActionMask = 2147483647;
			files = (
			);
			runOnlyForDeploymentPostprocessing = 0;
		};
/* End PBXResourcesBuildPhase section */

/* Begin PBXSourcesBuildPhase section */
		7E61FD4A2AE1A3CF0042FC5A /* Sources */ = {
			isa = PBXSourcesBuildPhase;
			buildActionMask = 2147483647;
			files = (
				7E61FD562AE1A3CF0042FC5A /* ViewController.swift in Sources */,
				7E61FD522AE1A3CF0042FC5A /* AppDelegate.swift in Sources */,
				7E61FD542AE1A3CF0042FC5A /* SceneDelegate.swift in Sources */,
			);
			runOnlyForDeploymentPostprocessing = 0;
		};
		7E61FD602AE1A3D10042FC5A /* Sources */ = {
			isa = PBXSourcesBuildPhase;
			buildActionMask = 2147483647;
			files = (
				7E61FD692AE1A3D10042FC5A /* CalculatorTests.swift in Sources */,
			);
			runOnlyForDeploymentPostprocessing = 0;
		};
		7E61FD6A2AE1A3D10042FC5A /* Sources */ = {
			isa = PBXSourcesBuildPhase;
			buildActionMask = 2147483647;
			files = (
				7E61FD752AE1A3D20042FC5A /* CalculatorUITestsLaunchTests.swift in Sources */,
				7E61FD732AE1A3D20042FC5A /* CalculatorUITests.swift in Sources */,
			);
			runOnlyForDeploymentPostprocessing = 0;
		};
/* End PBXSourcesBuildPhase section */

/* Begin PBXTargetDependency section */
		7E61FD662AE1A3D10042FC5A /* PBXTargetDependency */ = {
			isa = PBXTargetDependency;
			target = 7E61FD4D2AE1A3CF0042FC5A /* Calculator */;
			targetProxy = 7E61FD652AE1A3D10042FC5A /* PBXContainerItemProxy */;
		};
		7E61FD702AE1A3D20042FC5A /* PBXTargetDependency */ = {
			isa = PBXTargetDependency;
			target = 7E61FD4D2AE1A3CF0042FC5A /* Calculator */;
			targetProxy = 7E61FD6F2AE1A3D20042FC5A /* PBXContainerItemProxy */;
		};
/* End PBXTargetDependency section */

/* Begin PBXVariantGroup section */
		7E61FD572AE1A3CF0042FC5A /* Main.storyboard */ = {
			isa = PBXVariantGroup;
			children = (
				7E61FD582AE1A3CF0042FC5A /* Base */,
			);
			name = Main.storyboard;
			sourceTree = "<group>";
		};
		7E61FD5C2AE1A3D10042FC5A /* LaunchScreen.storyboard */ = {
			isa = PBXVariantGroup;
			children = (
				7E61FD5D2AE1A3D10042FC5A /* Base */,
			);
			name = LaunchScreen.storyboard;
			sourceTree = "<group>";
		};
/* End PBXVariantGroup section */

/* Begin XCBuildConfiguration section */
		7E61FD762AE1A3D20042FC5A /* Debug */ = {
			isa = XCBuildConfiguration;
			buildSettings = {
				ALWAYS_SEARCH_USER_PATHS = NO;
				CLANG_ANALYZER_NONNULL = YES;
				CLANG_ANALYZER_NUMBER_OBJECT_CONVERSION = YES_AGGRESSIVE;
				CLANG_CXX_LANGUAGE_STANDARD = "gnu++20";
				CLANG_ENABLE_MODULES = YES;
				CLANG_ENABLE_OBJC_ARC = YES;
				CLANG_ENABLE_OBJC_WEAK = YES;
				CLANG_WARN_BLOCK_CAPTURE_AUTORELEASING = YES;
				CLANG_WARN_BOOL_CONVERSION = YES;
				CLANG_WARN_COMMA = YES;
				CLANG_WARN_CONSTANT_CONVERSION = YES;
				CLANG_WARN_DEPRECATED_OBJC_IMPLEMENTATIONS = YES;
				CLANG_WARN_DIRECT_OBJC_ISA_USAGE = YES_ERROR;
				CLANG_WARN_DOCUMENTATION_COMMENTS = YES;
				CLANG_WARN_EMPTY_BODY = YES;
				CLANG_WARN_ENUM_CONVERSION = YES;
				CLANG_WARN_INFINITE_RECURSION = YES;
				CLANG_WARN_INT_CONVERSION = YES;
				CLANG_WARN_NON_LITERAL_NULL_CONVERSION = YES;
				CLANG_WARN_OBJC_IMPLICIT_RETAIN_SELF = YES;
				CLANG_WARN_OBJC_LITERAL_CONVERSION = YES;
				CLANG_WARN_OBJC_ROOT_CLASS = YES_ERROR;
				CLANG_WARN_QUOTED_INCLUDE_IN_FRAMEWORK_HEADER = YES;
				CLANG_WARN_RANGE_LOOP_ANALYSIS = YES;
				CLANG_WARN_STRICT_PROTOTYPES = YES;
				CLANG_WARN_SUSPICIOUS_MOVE = YES;
				CLANG_WARN_UNGUARDED_AVAILABILITY = YES_AGGRESSIVE;
				CLANG_WARN_UNREACHABLE_CODE = YES;
				CLANG_WARN__DUPLICATE_METHOD_MATCH = YES;
				COPY_PHASE_STRIP = NO;
				DEBUG_INFORMATION_FORMAT = dwarf;
				ENABLE_STRICT_OBJC_MSGSEND = YES;
				ENABLE_TESTABILITY = YES;
				GCC_C_LANGUAGE_STANDARD = gnu11;
				GCC_DYNAMIC_NO_PIC = NO;
				GCC_NO_COMMON_BLOCKS = YES;
				GCC_OPTIMIZATION_LEVEL = 0;
				GCC_PREPROCESSOR_DEFINITIONS = (
					"DEBUG=1",
					"$(inherited)",
				);
				GCC_WARN_64_TO_32_BIT_CONVERSION = YES;
				GCC_WARN_ABOUT_RETURN_TYPE = YES_ERROR;
				GCC_WARN_UNDECLARED_SELECTOR = YES;
				GCC_WARN_UNINITIALIZED_AUTOS = YES_AGGRESSIVE;
				GCC_WARN_UNUSED_FUNCTION = YES;
				GCC_WARN_UNUSED_VARIABLE = YES;
				IPHONEOS_DEPLOYMENT_TARGET = 16.2;
				MTL_ENABLE_DEBUG_INFO = INCLUDE_SOURCE;
				MTL_FAST_MATH = YES;
				ONLY_ACTIVE_ARCH = YES;
				SDKROOT = iphoneos;
				SWIFT_ACTIVE_COMPILATION_CONDITIONS = DEBUG;
				SWIFT_OPTIMIZATION_LEVEL = "-Onone";
			};
			name = Debug;
		};
		7E61FD772AE1A3D20042FC5A /* Release */ = {
			isa = XCBuildConfiguration;
			buildSettings = {
				ALWAYS_SEARCH_USER_PATHS = NO;
				CLANG_ANALYZER_NONNULL = YES;
				CLANG_ANALYZER_NUMBER_OBJECT_CONVERSION = YES_AGGRESSIVE;
				CLANG_CXX_LANGUAGE_STANDARD = "gnu++20";
				CLANG_ENABLE_MODULES = YES;
				CLANG_ENABLE_OBJC_ARC = YES;
				CLANG_ENABLE_OBJC_WEAK = YES;
				CLANG_WARN_BLOCK_CAPTURE_AUTORELEASING = YES;
				CLANG_WARN_BOOL_CONVERSION = YES;
				CLANG_WARN_COMMA = YES;
				CLANG_WARN_CONSTANT_CONVERSION = YES;
				CLANG_WARN_DEPRECATED_OBJC_IMPLEMENTATIONS = YES;
				CLANG_WARN_DIRECT_OBJC_ISA_USAGE = YES_ERROR;
				CLANG_WARN_DOCUMENTATION_COMMENTS = YES;
				CLANG_WARN_EMPTY_BODY = YES;
				CLANG_WARN_ENUM_CONVERSION = YES;
				CLANG_WARN_INFINITE_RECURSION = YES;
				CLANG_WARN_INT_CONVERSION = YES;
				CLANG_WARN_NON_LITERAL_NULL_CONVERSION = YES;
				CLANG_WARN_OBJC_IMPLICIT_RETAIN_SELF = YES;
				CLANG_WARN_OBJC_LITERAL_CONVERSION = YES;
				CLANG_WARN_OBJC_ROOT_CLASS = YES_ERROR;
				CLANG_WARN_QUOTED_INCLUDE_IN_FRAMEWORK_HEADER = YES;
				CLANG_WARN_RANGE_LOOP_ANALYSIS = YES;
				CLANG_WARN_STRICT_PROTOTYPES = YES;
				CLANG_WARN_SUSPICIOUS_MOVE = YES;
				CLANG_WARN_UNGUARDED_AVAILABILITY = YES_AGGRESSIVE;
				CLANG_WARN_UNREACHABLE_CODE = YES;
				CLANG_WARN__DUPLICATE_METHOD_MATCH = YES;
				COPY_PHASE_STRIP = NO;
				DEBUG_INFORMATION_FORMAT = "dwarf-with-dsym";
				ENABLE_NS_ASSERTIONS = NO;
				ENABLE_STRICT_OBJC_MSGSEND = YES;
				GCC_C_LANGUAGE_STANDARD = gnu11;
				GCC_NO_COMMON_BLOCKS = YES;
				GCC_WARN_64_TO_32_BIT_CONVERSION = YES;
				GCC_WARN_ABOUT_RETURN_TYPE = YES_ERROR;
				GCC_WARN_UNDECLARED_SELECTOR = YES;
				GCC_WARN_UNINITIALIZED_AUTOS = YES_AGGRESSIVE;
				GCC_WARN_UNUSED_FUNCTION = YES;
				GCC_WARN_UNUSED_VARIABLE = YES;
				IPHONEOS_DEPLOYMENT_TARGET = 16.2;
				MTL_ENABLE_DEBUG_INFO = NO;
				MTL_FAST_MATH = YES;
				SDKROOT = iphoneos;
				SWIFT_COMPILATION_MODE = wholemodule;
				SWIFT_OPTIMIZATION_LEVEL = "-O";
				VALIDATE_PRODUCT = YES;
			};
			name = Release;
		};
		7E61FD792AE1A3D20042FC5A /* Debug */ = {
			isa = XCBuildConfiguration;
			buildSettings = {
				ASSETCATALOG_COMPILER_APPICON_NAME = AppIcon;
				ASSETCATALOG_COMPILER_GLOBAL_ACCENT_COLOR_NAME = AccentColor;
				CODE_SIGN_STYLE = Automatic;
				CURRENT_PROJECT_VERSION = 1;
				GENERATE_INFOPLIST_FILE = YES;
				INFOPLIST_FILE = Calculator/Info.plist;
				INFOPLIST_KEY_UIApplicationSupportsIndirectInputEvents = YES;
				INFOPLIST_KEY_UILaunchStoryboardName = LaunchScreen;
				INFOPLIST_KEY_UIMainStoryboardFile = Main;
				INFOPLIST_KEY_UISupportedInterfaceOrientations_iPad = "UIInterfaceOrientationPortrait UIInterfaceOrientationPortraitUpsideDown UIInterfaceOrientationLandscapeLeft UIInterfaceOrientationLandscapeRight";
				INFOPLIST_KEY_UISupportedInterfaceOrientations_iPhone = "UIInterfaceOrientationPortrait UIInterfaceOrientationLandscapeLeft UIInterfaceOrientationLandscapeRight";
				LD_RUNPATH_SEARCH_PATHS = (
					"$(inherited)",
					"@executable_path/Frameworks",
				);
				MARKETING_VERSION = 1.0;
				PRODUCT_BUNDLE_IDENTIFIER = com.Jose.Calculator;
				PRODUCT_NAME = "$(TARGET_NAME)";
				SWIFT_EMIT_LOC_STRINGS = YES;
				SWIFT_VERSION = 5.0;
				TARGETED_DEVICE_FAMILY = "1,2";
			};
			name = Debug;
		};
		7E61FD7A2AE1A3D20042FC5A /* Release */ = {
			isa = XCBuildConfiguration;
			buildSettings = {
				ASSETCATALOG_COMPILER_APPICON_NAME = AppIcon;
				ASSETCATALOG_COMPILER_GLOBAL_ACCENT_COLOR_NAME = AccentColor;
				CODE_SIGN_STYLE = Automatic;
				CURRENT_PROJECT_VERSION = 1;
				GENERATE_INFOPLIST_FILE = YES;
				INFOPLIST_FILE = Calculator/Info.plist;
				INFOPLIST_KEY_UIApplicationSupportsIndirectInputEvents = YES;
				INFOPLIST_KEY_UILaunchStoryboardName = LaunchScreen;
				INFOPLIST_KEY_UIMainStoryboardFile = Main;
				INFOPLIST_KEY_UISupportedInterfaceOrientations_iPad = "UIInterfaceOrientationPortrait UIInterfaceOrientationPortraitUpsideDown UIInterfaceOrientationLandscapeLeft UIInterfaceOrientationLandscapeRight";
				INFOPLIST_KEY_UISupportedInterfaceOrientations_iPhone = "UIInterfaceOrientationPortrait UIInterfaceOrientationLandscapeLeft UIInterfaceOrientationLandscapeRight";
				LD_RUNPATH_SEARCH_PATHS = (
					"$(inherited)",
					"@executable_path/Frameworks",
				);
				MARKETING_VERSION = 1.0;
				PRODUCT_BUNDLE_IDENTIFIER = com.Jose.Calculator;
				PRODUCT_NAME = "$(TARGET_NAME)";
				SWIFT_EMIT_LOC_STRINGS = YES;
				SWIFT_VERSION = 5.0;
				TARGETED_DEVICE_FAMILY = "1,2";
			};
			name = Release;
		};
		7E61FD7C2AE1A3D20042FC5A /* Debug */ = {
			isa = XCBuildConfiguration;
			buildSettings = {
				ALWAYS_EMBED_SWIFT_STANDARD_LIBRARIES = YES;
				BUNDLE_LOADER = "$(TEST_HOST)";
				CODE_SIGN_STYLE = Automatic;
				CURRENT_PROJECT_VERSION = 1;
				GENERATE_INFOPLIST_FILE = YES;
				IPHONEOS_DEPLOYMENT_TARGET = 16.2;
				MARKETING_VERSION = 1.0;
				PRODUCT_BUNDLE_IDENTIFIER = com.Jose.CalculatorTests;
				PRODUCT_NAME = "$(TARGET_NAME)";
				SWIFT_EMIT_LOC_STRINGS = NO;
				SWIFT_VERSION = 5.0;
				TARGETED_DEVICE_FAMILY = "1,2";
				TEST_HOST = "$(BUILT_PRODUCTS_DIR)/Calculator.app/$(BUNDLE_EXECUTABLE_FOLDER_PATH)/Calculator";
			};
			name = Debug;
		};
		7E61FD7D2AE1A3D20042FC5A /* Release */ = {
			isa = XCBuildConfiguration;
			buildSettings = {
				ALWAYS_EMBED_SWIFT_STANDARD_LIBRARIES = YES;
				BUNDLE_LOADER = "$(TEST_HOST)";
				CODE_SIGN_STYLE = Automatic;
				CURRENT_PROJECT_VERSION = 1;
				GENERATE_INFOPLIST_FILE = YES;
				IPHONEOS_DEPLOYMENT_TARGET = 16.2;
				MARKETING_VERSION = 1.0;
				PRODUCT_BUNDLE_IDENTIFIER = com.Jose.CalculatorTests;
				PRODUCT_NAME = "$(TARGET_NAME)";
				SWIFT_EMIT_LOC_STRINGS = NO;
				SWIFT_VERSION = 5.0;
				TARGETED_DEVICE_FAMILY = "1,2";
				TEST_HOST = "$(BUILT_PRODUCTS_DIR)/Calculator.app/$(BUNDLE_EXECUTABLE_FOLDER_PATH)/Calculator";
			};
			name = Release;
		};
		7E61FD7F2AE1A3D20042FC5A /* Debug */ = {
			isa = XCBuildConfiguration;
			buildSettings = {
				ALWAYS_EMBED_SWIFT_STANDARD_LIBRARIES = YES;
				CODE_SIGN_STYLE = Automatic;
				CURRENT_PROJECT_VERSION = 1;
				GENERATE_INFOPLIST_FILE = YES;
				MARKETING_VERSION = 1.0;
				PRODUCT_BUNDLE_IDENTIFIER = com.Jose.CalculatorUITests;
				PRODUCT_NAME = "$(TARGET_NAME)";
				SWIFT_EMIT_LOC_STRINGS = NO;
				SWIFT_VERSION = 5.0;
				TARGETED_DEVICE_FAMILY = "1,2";
				TEST_TARGET_NAME = Calculator;
			};
			name = Debug;
		};
		7E61FD802AE1A3D20042FC5A /* Release */ = {
			isa = XCBuildConfiguration;
			buildSettings = {
				ALWAYS_EMBED_SWIFT_STANDARD_LIBRARIES = YES;
				CODE_SIGN_STYLE = Automatic;
				CURRENT_PROJECT_VERSION = 1;
				GENERATE_INFOPLIST_FILE = YES;
				MARKETING_VERSION = 1.0;
				PRODUCT_BUNDLE_IDENTIFIER = com.Jose.CalculatorUITests;
				PRODUCT_NAME = "$(TARGET_NAME)";
				SWIFT_EMIT_LOC_STRINGS = NO;
				SWIFT_VERSION = 5.0;
				TARGETED_DEVICE_FAMILY = "1,2";
				TEST_TARGET_NAME = Calculator;
			};
			name = Release;
		};
/* End XCBuildConfiguration section */

/* Begin XCConfigurationList section */
		7E61FD492AE1A3CF0042FC5A /* Build configuration list for PBXProject "Calculator" */ = {
			isa = XCConfigurationList;
			buildConfigurations = (
				7E61FD762AE1A3D20042FC5A /* Debug */,
				7E61FD772AE1A3D20042FC5A /* Release */,
			);
			defaultConfigurationIsVisible = 0;
			defaultConfigurationName = Release;
		};
		7E61FD782AE1A3D20042FC5A /* Build configuration list for PBXNativeTarget "Calculator" */ = {
			isa = XCConfigurationList;
			buildConfigurations = (
				7E61FD792AE1A3D20042FC5A /* Debug */,
				7E61FD7A2AE1A3D20042FC5A /* Release */,
			);
			defaultConfigurationIsVisible = 0;
			defaultConfigurationName = Release;
		};
		7E61FD7B2AE1A3D20042FC5A /* Build configuration list for PBXNativeTarget "CalculatorTests" */ = {
			isa = XCConfigurationList;
			buildConfigurations = (
				7E61FD7C2AE1A3D20042FC5A /* Debug */,
				7E61FD7D2AE1A3D20042FC5A /* Release */,
			);
			defaultConfigurationIsVisible = 0;
			defaultConfigurationName = Release;
		};
		7E61FD7E2AE1A3D20042FC5A /* Build configuration list for PBXNativeTarget "CalculatorUITests" */ = {
			isa = XCConfigurationList;
			buildConfigurations = (
				7E61FD7F2AE1A3D20042FC5A /* Debug */,
				7E61FD802AE1A3D20042FC5A /* Release */,
			);
			defaultConfigurationIsVisible = 0;
			defaultConfigurationName = Release;
		};
/* End XCConfigurationList section */
	};
	rootObject = 7E61FD462AE1A3CF0042FC5A /* Project object */;
}
